// !$*UTF8*$!
{
	archiveVersion = 1;
	classes = {
	};
	objectVersion = 55;
	objects = {

/* Begin PBXBuildFile section */
		80DCF2F427E85FEF00BD7C61 /* H4X0R_newsApp.swift in Sources */ = {isa = PBXBuildFile; fileRef = 80DCF2F327E85FEF00BD7C61 /* H4X0R_newsApp.swift */; };
		80DCF2F627E85FEF00BD7C61 /* ContentView.swift in Sources */ = {isa = PBXBuildFile; fileRef = 80DCF2F527E85FEF00BD7C61 /* ContentView.swift */; };
		80DCF2F827E85FF000BD7C61 /* Assets.xcassets in Resources */ = {isa = PBXBuildFile; fileRef = 80DCF2F727E85FF000BD7C61 /* Assets.xcassets */; };
		80DCF2FB27E85FF000BD7C61 /* Preview Assets.xcassets in Resources */ = {isa = PBXBuildFile; fileRef = 80DCF2FA27E85FF000BD7C61 /* Preview Assets.xcassets */; };
		80DCF30327E862E600BD7C61 /* NetworkManager.swift in Sources */ = {isa = PBXBuildFile; fileRef = 80DCF30227E862E600BD7C61 /* NetworkManager.swift */; };
		80DCF30527E863CC00BD7C61 /* PostData.swift in Sources */ = {isa = PBXBuildFile; fileRef = 80DCF30427E863CC00BD7C61 /* PostData.swift */; };
		80DCF30A27E8692A00BD7C61 /* DetailView.swift in Sources */ = {isa = PBXBuildFile; fileRef = 80DCF30927E8692A00BD7C61 /* DetailView.swift */; };
		80DCF30C27E873D500BD7C61 /* WebView.swift in Sources */ = {isa = PBXBuildFile; fileRef = 80DCF30B27E873D500BD7C61 /* WebView.swift */; };
/* End PBXBuildFile section */

/* Begin PBXFileReference section */
		80DCF2F027E85FEF00BD7C61 /* H4X0R news.app */ = {isa = PBXFileReference; explicitFileType = wrapper.application; includeInIndex = 0; path = "H4X0R news.app"; sourceTree = BUILT_PRODUCTS_DIR; };
		80DCF2F327E85FEF00BD7C61 /* H4X0R_newsApp.swift */ = {isa = PBXFileReference; lastKnownFileType = sourcecode.swift; path = H4X0R_newsApp.swift; sourceTree = "<group>"; };
		80DCF2F527E85FEF00BD7C61 /* ContentView.swift */ = {isa = PBXFileReference; lastKnownFileType = sourcecode.swift; path = ContentView.swift; sourceTree = "<group>"; };
		80DCF2F727E85FF000BD7C61 /* Assets.xcassets */ = {isa = PBXFileReference; lastKnownFileType = folder.assetcatalog; path = Assets.xcassets; sourceTree = "<group>"; };
		80DCF2FA27E85FF000BD7C61 /* Preview Assets.xcassets */ = {isa = PBXFileReference; lastKnownFileType = folder.assetcatalog; path = "Preview Assets.xcassets"; sourceTree = "<group>"; };
		80DCF30227E862E600BD7C61 /* NetworkManager.swift */ = {isa = PBXFileReference; lastKnownFileType = sourcecode.swift; path = NetworkManager.swift; sourceTree = "<group>"; };
		80DCF30427E863CC00BD7C61 /* PostData.swift */ = {isa = PBXFileReference; lastKnownFileType = sourcecode.swift; path = PostData.swift; sourceTree = "<group>"; };
		80DCF30927E8692A00BD7C61 /* DetailView.swift */ = {isa = PBXFileReference; lastKnownFileType = sourcecode.swift; path = DetailView.swift; sourceTree = "<group>"; };
		80DCF30B27E873D500BD7C61 /* WebView.swift */ = {isa = PBXFileReference; lastKnownFileType = sourcecode.swift; path = WebView.swift; sourceTree = "<group>"; };
		80DCF30D27E8757E00BD7C61 /* H4X0R news.entitlements */ = {isa = PBXFileReference; lastKnownFileType = text.plist.entitlements; path = "H4X0R news.entitlements"; sourceTree = "<group>"; };
/* End PBXFileReference section */

/* Begin PBXFrameworksBuildPhase section */
		80DCF2ED27E85FEF00BD7C61 /* Frameworks */ = {
			isa = PBXFrameworksBuildPhase;
			buildActionMask = 2147483647;
			files = (
			);
			runOnlyForDeploymentPostprocessing = 0;
		};
/* End PBXFrameworksBuildPhase section */

/* Begin PBXGroup section */
		80DCF2E727E85FEF00BD7C61 = {
			isa = PBXGroup;
			children = (
				80DCF2F227E85FEF00BD7C61 /* H4X0R news */,
				80DCF2F127E85FEF00BD7C61 /* Products */,
			);
			sourceTree = "<group>";
		};
		80DCF2F127E85FEF00BD7C61 /* Products */ = {
			isa = PBXGroup;
			children = (
				80DCF2F027E85FEF00BD7C61 /* H4X0R news.app */,
			);
			name = Products;
			sourceTree = "<group>";
		};
		80DCF2F227E85FEF00BD7C61 /* H4X0R news */ = {
			isa = PBXGroup;
			children = (
				80DCF30D27E8757E00BD7C61 /* H4X0R news.entitlements */,
				80DCF30627E8689D00BD7C61 /* Views */,
				80DCF30127E862D200BD7C61 /* Model */,
				80DCF2F327E85FEF00BD7C61 /* H4X0R_newsApp.swift */,
				80DCF2F727E85FF000BD7C61 /* Assets.xcassets */,
				80DCF2F927E85FF000BD7C61 /* Preview Content */,
			);
			path = "H4X0R news";
			sourceTree = "<group>";
		};
		80DCF2F927E85FF000BD7C61 /* Preview Content */ = {
			isa = PBXGroup;
			children = (
				80DCF2FA27E85FF000BD7C61 /* Preview Assets.xcassets */,
			);
			path = "Preview Content";
			sourceTree = "<group>";
		};
		80DCF30127E862D200BD7C61 /* Model */ = {
			isa = PBXGroup;
			children = (
				80DCF30227E862E600BD7C61 /* NetworkManager.swift */,
				80DCF30427E863CC00BD7C61 /* PostData.swift */,
			);
			path = Model;
			sourceTree = "<group>";
		};
		80DCF30627E8689D00BD7C61 /* Views */ = {
			isa = PBXGroup;
			children = (
				80DCF2F527E85FEF00BD7C61 /* ContentView.swift */,
				80DCF30927E8692A00BD7C61 /* DetailView.swift */,
				80DCF30B27E873D500BD7C61 /* WebView.swift */,
			);
			path = Views;
			sourceTree = "<group>";
		};
/* End PBXGroup section */

/* Begin PBXNativeTarget section */
		80DCF2EF27E85FEF00BD7C61 /* H4X0R news */ = {
			isa = PBXNativeTarget;
			buildConfigurationList = 80DCF2FE27E85FF000BD7C61 /* Build configuration list for PBXNativeTarget "H4X0R news" */;
			buildPhases = (
				80DCF2EC27E85FEF00BD7C61 /* Sources */,
				80DCF2ED27E85FEF00BD7C61 /* Frameworks */,
				80DCF2EE27E85FEF00BD7C61 /* Resources */,
			);
			buildRules = (
			);
			dependencies = (
			);
			name = "H4X0R news";
			productName = "H4X0R news";
			productReference = 80DCF2F027E85FEF00BD7C61 /* H4X0R news.app */;
			productType = "com.apple.product-type.application";
		};
/* End PBXNativeTarget section */

/* Begin PBXProject section */
		80DCF2E827E85FEF00BD7C61 /* Project object */ = {
			isa = PBXProject;
			attributes = {
				BuildIndependentTargetsInParallel = 1;
				LastSwiftUpdateCheck = 1320;
				LastUpgradeCheck = 1320;
				TargetAttributes = {
					80DCF2EF27E85FEF00BD7C61 = {
						CreatedOnToolsVersion = 13.2.1;
					};
				};
			};
			buildConfigurationList = 80DCF2EB27E85FEF00BD7C61 /* Build configuration list for PBXProject "H4X0R news" */;
			compatibilityVersion = "Xcode 13.0";
			developmentRegion = en;
			hasScannedForEncodings = 0;
			knownRegions = (
				en,
				Base,
			);
			mainGroup = 80DCF2E727E85FEF00BD7C61;
			productRefGroup = 80DCF2F127E85FEF00BD7C61 /* Products */;
			projectDirPath = "";
			projectRoot = "";
			targets = (
				80DCF2EF27E85FEF00BD7C61 /* H4X0R news */,
			);
		};
/* End PBXProject section */

/* Begin PBXResourcesBuildPhase section */
		80DCF2EE27E85FEF00BD7C61 /* Resources */ = {
			isa = PBXResourcesBuildPhase;
			buildActionMask = 2147483647;
			files = (
				80DCF2FB27E85FF000BD7C61 /* Preview Assets.xcassets in Resources */,
				80DCF2F827E85FF000BD7C61 /* Assets.xcassets in Resources */,
			);
			runOnlyForDeploymentPostprocessing = 0;
		};
/* End PBXResourcesBuildPhase section */

/* Begin PBXSourcesBuildPhase section */
		80DCF2EC27E85FEF00BD7C61 /* Sources */ = {
			isa = PBXSourcesBuildPhase;
			buildActionMask = 2147483647;
			files = (
				80DCF30327E862E600BD7C61 /* NetworkManager.swift in Sources */,
				80DCF30527E863CC00BD7C61 /* PostData.swift in Sources */,
				80DCF2F627E85FEF00BD7C61 /* ContentView.swift in Sources */,
				80DCF30C27E873D500BD7C61 /* WebView.swift in Sources */,
				80DCF30A27E8692A00BD7C61 /* DetailView.swift in Sources */,
				80DCF2F427E85FEF00BD7C61 /* H4X0R_newsApp.swift in Sources */,
			);
			runOnlyForDeploymentPostprocessing = 0;
		};
/* End PBXSourcesBuildPhase section */

/* Begin XCBuildConfiguration section */
		80DCF2FC27E85FF000BD7C61 /* Debug */ = {
			isa = XCBuildConfiguration;
			buildSettings = {
				ALWAYS_SEARCH_USER_PATHS = NO;
				CLANG_ANALYZER_NONNULL = YES;
				CLANG_ANALYZER_NUMBER_OBJECT_CONVERSION = YES_AGGRESSIVE;
				CLANG_CXX_LANGUAGE_STANDARD = "gnu++17";
				CLANG_CXX_LIBRARY = "libc++";
				CLANG_ENABLE_MODULES = YES;
				CLANG_ENABLE_OBJC_ARC = YES;
				CLANG_ENABLE_OBJC_WEAK = YES;
				CLANG_WARN_BLOCK_CAPTURE_AUTORELEASING = YES;
				CLANG_WARN_BOOL_CONVERSION = YES;
				CLANG_WARN_COMMA = YES;
				CLANG_WARN_CONSTANT_CONVERSION = YES;
				CLANG_WARN_DEPRECATED_OBJC_IMPLEMENTATIONS = YES;
				CLANG_WARN_DIRECT_OBJC_ISA_USAGE = YES_ERROR;
				CLANG_WARN_DOCUMENTATION_COMMENTS = YES;
				CLANG_WARN_EMPTY_BODY = YES;
				CLANG_WARN_ENUM_CONVERSION = YES;
				CLANG_WARN_INFINITE_RECURSION = YES;
				CLANG_WARN_INT_CONVERSION = YES;
				CLANG_WARN_NON_LITERAL_NULL_CONVERSION = YES;
				CLANG_WARN_OBJC_IMPLICIT_RETAIN_SELF = YES;
				CLANG_WARN_OBJC_LITERAL_CONVERSION = YES;
				CLANG_WARN_OBJC_ROOT_CLASS = YES_ERROR;
				CLANG_WARN_QUOTED_INCLUDE_IN_FRAMEWORK_HEADER = YES;
				CLANG_WARN_RANGE_LOOP_ANALYSIS = YES;
				CLANG_WARN_STRICT_PROTOTYPES = YES;
				CLANG_WARN_SUSPICIOUS_MOVE = YES;
				CLANG_WARN_UNGUARDED_AVAILABILITY = YES_AGGRESSIVE;
				CLANG_WARN_UNREACHABLE_CODE = YES;
				CLANG_WARN__DUPLICATE_METHOD_MATCH = YES;
				COPY_PHASE_STRIP = NO;
				DEBUG_INFORMATION_FORMAT = dwarf;
				ENABLE_STRICT_OBJC_MSGSEND = YES;
				ENABLE_TESTABILITY = YES;
				GCC_C_LANGUAGE_STANDARD = gnu11;
				GCC_DYNAMIC_NO_PIC = NO;
				GCC_NO_COMMON_BLOCKS = YES;
				GCC_OPTIMIZATION_LEVEL = 0;
				GCC_PREPROCESSOR_DEFINITIONS = (
					"DEBUG=1",
					"$(inherited)",
				);
				GCC_WARN_64_TO_32_BIT_CONVERSION = YES;
				GCC_WARN_ABOUT_RETURN_TYPE = YES_ERROR;
				GCC_WARN_UNDECLARED_SELECTOR = YES;
				GCC_WARN_UNINITIALIZED_AUTOS = YES_AGGRESSIVE;
				GCC_WARN_UNUSED_FUNCTION = YES;
				GCC_WARN_UNUSED_VARIABLE = YES;
				IPHONEOS_DEPLOYMENT_TARGET = 15.2;
				MTL_ENABLE_DEBUG_INFO = INCLUDE_SOURCE;
				MTL_FAST_MATH = YES;
				ONLY_ACTIVE_ARCH = YES;
				SDKROOT = iphoneos;
				SWIFT_ACTIVE_COMPILATION_CONDITIONS = DEBUG;
				SWIFT_OPTIMIZATION_LEVEL = "-Onone";
			};
			name = Debug;
		};
		80DCF2FD27E85FF000BD7C61 /* Release */ = {
			isa = XCBuildConfiguration;
			buildSettings = {
				ALWAYS_SEARCH_USER_PATHS = NO;
				CLANG_ANALYZER_NONNULL = YES;
				CLANG_ANALYZER_NUMBER_OBJECT_CONVERSION = YES_AGGRESSIVE;
				CLANG_CXX_LANGUAGE_STANDARD = "gnu++17";
				CLANG_CXX_LIBRARY = "libc++";
				CLANG_ENABLE_MODULES = YES;
				CLANG_ENABLE_OBJC_ARC = YES;
				CLANG_ENABLE_OBJC_WEAK = YES;
				CLANG_WARN_BLOCK_CAPTURE_AUTORELEASING = YES;
				CLANG_WARN_BOOL_CONVERSION = YES;
				CLANG_WARN_COMMA = YES;
				CLANG_WARN_CONSTANT_CONVERSION = YES;
				CLANG_WARN_DEPRECATED_OBJC_IMPLEMENTATIONS = YES;
				CLANG_WARN_DIRECT_OBJC_ISA_USAGE = YES_ERROR;
				CLANG_WARN_DOCUMENTATION_COMMENTS = YES;
				CLANG_WARN_EMPTY_BODY = YES;
				CLANG_WARN_ENUM_CONVERSION = YES;
				CLANG_WARN_INFINITE_RECURSION = YES;
				CLANG_WARN_INT_CONVERSION = YES;
				CLANG_WARN_NON_LITERAL_NULL_CONVERSION = YES;
				CLANG_WARN_OBJC_IMPLICIT_RETAIN_SELF = YES;
				CLANG_WARN_OBJC_LITERAL_CONVERSION = YES;
				CLANG_WARN_OBJC_ROOT_CLASS = YES_ERROR;
				CLANG_WARN_QUOTED_INCLUDE_IN_FRAMEWORK_HEADER = YES;
				CLANG_WARN_RANGE_LOOP_ANALYSIS = YES;
				CLANG_WARN_STRICT_PROTOTYPES = YES;
				CLANG_WARN_SUSPICIOUS_MOVE = YES;
				CLANG_WARN_UNGUARDED_AVAILABILITY = YES_AGGRESSIVE;
				CLANG_WARN_UNREACHABLE_CODE = YES;
				CLANG_WARN__DUPLICATE_METHOD_MATCH = YES;
				COPY_PHASE_STRIP = NO;
				DEBUG_INFORMATION_FORMAT = "dwarf-with-dsym";
				ENABLE_NS_ASSERTIONS = NO;
				ENABLE_STRICT_OBJC_MSGSEND = YES;
				GCC_C_LANGUAGE_STANDARD = gnu11;
				GCC_NO_COMMON_BLOCKS = YES;
				GCC_WARN_64_TO_32_BIT_CONVERSION = YES;
				GCC_WARN_ABOUT_RETURN_TYPE = YES_ERROR;
				GCC_WARN_UNDECLARED_SELECTOR = YES;
				GCC_WARN_UNINITIALIZED_AUTOS = YES_AGGRESSIVE;
				GCC_WARN_UNUSED_FUNCTION = YES;
				GCC_WARN_UNUSED_VARIABLE = YES;
				IPHONEOS_DEPLOYMENT_TARGET = 15.2;
				MTL_ENABLE_DEBUG_INFO = NO;
				MTL_FAST_MATH = YES;
				SDKROOT = iphoneos;
				SWIFT_COMPILATION_MODE = wholemodule;
				SWIFT_OPTIMIZATION_LEVEL = "-O";
				VALIDATE_PRODUCT = YES;
			};
			name = Release;
		};
		80DCF2FF27E85FF000BD7C61 /* Debug */ = {
			isa = XCBuildConfiguration;
			buildSettings = {
				ASSETCATALOG_COMPILER_APPICON_NAME = AppIcon;
				ASSETCATALOG_COMPILER_GLOBAL_ACCENT_COLOR_NAME = AccentColor;
				CODE_SIGN_ENTITLEMENTS = "H4X0R news/H4X0R news.entitlements";
				CODE_SIGN_STYLE = Automatic;
				CURRENT_PROJECT_VERSION = 1;
				DEVELOPMENT_ASSET_PATHS = "\"H4X0R news/Preview Content\"";
				DEVELOPMENT_TEAM = W6FBV3QVQ2;
				ENABLE_PREVIEWS = YES;
				GENERATE_INFOPLIST_FILE = YES;
				INFOPLIST_KEY_UIApplicationSceneManifest_Generation = YES;
				INFOPLIST_KEY_UIApplicationSupportsIndirectInputEvents = YES;
				INFOPLIST_KEY_UILaunchScreen_Generation = YES;
				INFOPLIST_KEY_UISupportedInterfaceOrientations_iPad = "UIInterfaceOrientationPortrait UIInterfaceOrientationPortraitUpsideDown UIInterfaceOrientationLandscapeLeft UIInterfaceOrientationLandscapeRight";
				INFOPLIST_KEY_UISupportedInterfaceOrientations_iPhone = "UIInterfaceOrientationPortrait UIInterfaceOrientationLandscapeLeft UIInterfaceOrientationLandscapeRight";
				LD_RUNPATH_SEARCH_PATHS = (
					"$(inherited)",
					"@executable_path/Frameworks",
				);
				MARKETING_VERSION = 1.0;
				PRODUCT_BUNDLE_IDENTIFIER = "com.ayberkakturk.H4X0R-news";
				PRODUCT_NAME = "$(TARGET_NAME)";
				SUPPORTS_MACCATALYST = YES;
				SWIFT_EMIT_LOC_STRINGS = YES;
				SWIFT_VERSION = 5.0;
				TARGETED_DEVICE_FAMILY = "1,2";
			};
			name = Debug;
		};
		80DCF30027E85FF000BD7C61 /* Release */ = {
			isa = XCBuildConfiguration;
			buildSettings = {
				ASSETCATALOG_COMPILER_APPICON_NAME = AppIcon;
				ASSETCATALOG_COMPILER_GLOBAL_ACCENT_COLOR_NAME = AccentColor;
				CODE_SIGN_ENTITLEMENTS = "H4X0R news/H4X0R news.entitlements";
				CODE_SIGN_STYLE = Automatic;
				CURRENT_PROJECT_VERSION = 1;
				DEVELOPMENT_ASSET_PATHS = "\"H4X0R news/Preview Content\"";
				DEVELOPMENT_TEAM = W6FBV3QVQ2;
				ENABLE_PREVIEWS = YES;
				GENERATE_INFOPLIST_FILE = YES;
				INFOPLIST_KEY_UIApplicationSceneManifest_Generation = YES;
				INFOPLIST_KEY_UIApplicationSupportsIndirectInputEvents = YES;
				INFOPLIST_KEY_UILaunchScreen_Generation = YES;
				INFOPLIST_KEY_UISupportedInterfaceOrientations_iPad = "UIInterfaceOrientationPortrait UIInterfaceOrientationPortraitUpsideDown UIInterfaceOrientationLandscapeLeft UIInterfaceOrientationLandscapeRight";
				INFOPLIST_KEY_UISupportedInterfaceOrientations_iPhone = "UIInterfaceOrientationPortrait UIInterfaceOrientationLandscapeLeft UIInterfaceOrientationLandscapeRight";
				LD_RUNPATH_SEARCH_PATHS = (
					"$(inherited)",
					"@executable_path/Frameworks",
				);
				MARKETING_VERSION = 1.0;
				PRODUCT_BUNDLE_IDENTIFIER = "com.ayberkakturk.H4X0R-news";
				PRODUCT_NAME = "$(TARGET_NAME)";
				SUPPORTS_MACCATALYST = YES;
				SWIFT_EMIT_LOC_STRINGS = YES;
				SWIFT_VERSION = 5.0;
				TARGETED_DEVICE_FAMILY = "1,2";
			};
			name = Release;
		};
/* End XCBuildConfiguration section */

/* Begin XCConfigurationList section */
		80DCF2EB27E85FEF00BD7C61 /* Build configuration list for PBXProject "H4X0R news" */ = {
			isa = XCConfigurationList;
			buildConfigurations = (
				80DCF2FC27E85FF000BD7C61 /* Debug */,
				80DCF2FD27E85FF000BD7C61 /* Release */,
			);
			defaultConfigurationIsVisible = 0;
			defaultConfigurationName = Release;
		};
		80DCF2FE27E85FF000BD7C61 /* Build configuration list for PBXNativeTarget "H4X0R news" */ = {
			isa = XCConfigurationList;
			buildConfigurations = (
				80DCF2FF27E85FF000BD7C61 /* Debug */,
				80DCF30027E85FF000BD7C61 /* Release */,
			);
			defaultConfigurationIsVisible = 0;
			defaultConfigurationName = Release;
		};
/* End XCConfigurationList section */
	};
	rootObject = 80DCF2E827E85FEF00BD7C61 /* Project object */;
}
